
Microsoft Visual Studio Solution File, Format Version 12.00
# Visual Studio Version 17
VisualStudioVersion = 17.13.35825.156
MinimumVisualStudioVersion = 10.0.40219.1
Project("{FAE04EC0-301F-11D3-BF4B-00C04F79EFBC}") = "FGI", "FGI\FGI.csproj", "{5DCE9DAA-F3AB-4ECC-A602-AA708B9FFFE9}"
EndProject
Global
	GlobalSection(SolutionConfigurationPlatforms) = preSolution
		Debug|Any CPU = Debug|Any CPU
		Release|Any CPU = Release|Any CPU
	EndGlobalSection
	GlobalSection(ProjectConfigurationPlatforms) = postSolution
		{5DCE9DAA-F3AB-4ECC-A602-AA708B9FFFE9}.Debug|Any CPU.ActiveCfg = Debug|Any CPU
		{5DCE9DAA-F3AB-4ECC-A602-AA708B9FFFE9}.Debug|Any CPU.Build.0 = Debug|Any CPU
		{5DCE9DAA-F3AB-4ECC-A602-AA708B9FFFE9}.Release|Any CPU.ActiveCfg = Release|Any CPU
		{5DCE9DAA-F3AB-4ECC-A602-AA708B9FFFE9}.Release|Any CPU.Build.0 = Release|Any CPU
	EndGlobalSection
	GlobalSection(SolutionProperties) = preSolution
		HideSolutionNode = FALSE
	EndGlobalSection
	GlobalSection(ExtensibilityGlobals) = postSolution
		SolutionGuid = {A0CD5F06-7511-4643-AA6C-0A2E2D70F67B}
	EndGlobalSection
EndGlobal
